
Microsoft Visual Studio Solution File, Format Version 12.00
# Visual Studio 2013
Project("{FAE04EC0-301F-11D3-BF4B-00C04F79EFBC}") = "JungleBattleClient.CSharp", "JungleBattleClient.CSharp.csproj", "{F1CD8723-7220-31AE-66A6-950E1C43434A}"
EndProject
Project("{FAE04EC0-301F-11D3-BF4B-00C04F79EFBC}") = "JungleBattleClient.CSharp.Editor", "JungleBattleClient.CSharp.Editor.csproj", "{E2E8D231-B7AE-B3E4-84F9-22E8BA0030EB}"
EndProject
Global
	GlobalSection(SolutionConfigurationPlatforms) = preSolution
		Debug|Any CPU = Debug|Any CPU
		Release|Any CPU = Release|Any CPU
	EndGlobalSection
	GlobalSection(ProjectConfigurationPlatforms) = postSolution
		{F1CD8723-7220-31AE-66A6-950E1C43434A}.Debug|Any CPU.ActiveCfg = Debug|Any CPU
		{F1CD8723-7220-31AE-66A6-950E1C43434A}.Debug|Any CPU.Build.0 = Debug|Any CPU
		{F1CD8723-7220-31AE-66A6-950E1C43434A}.Release|Any CPU.ActiveCfg = Release|Any CPU
		{F1CD8723-7220-31AE-66A6-950E1C43434A}.Release|Any CPU.Build.0 = Release|Any CPU
		{E2E8D231-B7AE-B3E4-84F9-22E8BA0030EB}.Debug|Any CPU.ActiveCfg = Debug|Any CPU
		{E2E8D231-B7AE-B3E4-84F9-22E8BA0030EB}.Debug|Any CPU.Build.0 = Debug|Any CPU
		{E2E8D231-B7AE-B3E4-84F9-22E8BA0030EB}.Release|Any CPU.ActiveCfg = Release|Any CPU
		{E2E8D231-B7AE-B3E4-84F9-22E8BA0030EB}.Release|Any CPU.Build.0 = Release|Any CPU
	EndGlobalSection
	GlobalSection(SolutionProperties) = preSolution
		HideSolutionNode = FALSE
	EndGlobalSection
EndGlobal
